{
    "name": "my-app",
    "lockfileVersion": 2,
    "requires": true,
    "packages": {
        "": {
            "name": "my-app",
            "hasInstallScript": true,
            "devDependencies": {
                "elm-tooling": "^1.8.0",
                "uglify-js": "^3.17.0",
                "uglifyjs": "^2.4.11"
            }
        },
        "node_modules/elm-tooling": {
            "version": "1.8.0",
            "resolved": "https://registry.npmjs.org/elm-tooling/-/elm-tooling-1.8.0.tgz",
            "integrity": "sha512-IjMvW/VHqxLidlJSAocBGDBmqiZ1NS0lK/UCMRU4ULEEaTVjpSd/9Dv0mH2ok0H0egSTYx19GnrdL4Lq9h+z+A==",
            "dev": true,
            "bin": {
                "elm-tooling": "index.js"
            }
        },
        "node_modules/uglify-js": {
            "version": "3.17.0",
            "resolved": "https://registry.npmjs.org/uglify-js/-/uglify-js-3.17.0.tgz",
            "integrity": "sha512-aTeNPVmgIMPpm1cxXr2Q/nEbvkmV8yq66F3om7X3P/cvOXQ0TMQ64Wk63iyT1gPlmdmGzjGpyLh1f3y8MZWXGg==",
            "dev": true,
            "bin": {
                "uglifyjs": "bin/uglifyjs"
            },
            "engines": {
                "node": ">=0.8.0"
            }
        },
        "node_modules/uglifyjs": {
            "version": "2.4.11",
            "resolved": "https://registry.npmjs.org/uglifyjs/-/uglifyjs-2.4.11.tgz",
            "integrity": "sha512-iR5+eXZCsoqmlzqYYENJm+rtX/KpC+jhhCtgORtBeVxRET+mfFHlyArl3DgYEqRTVDOxenv0OojFg02tf6LluA==",
            "deprecated": "uglifyjs is deprecated - use uglify-js instead.",
            "dev": true
        }
    },
    "dependencies": {
        "elm-tooling": {
            "version": "1.8.0",
            "resolved": "https://registry.npmjs.org/elm-tooling/-/elm-tooling-1.8.0.tgz",
            "integrity": "sha512-IjMvW/VHqxLidlJSAocBGDBmqiZ1NS0lK/UCMRU4ULEEaTVjpSd/9Dv0mH2ok0H0egSTYx19GnrdL4Lq9h+z+A==",
            "dev": true
        },
        "uglify-js": {
            "version": "3.17.0",
            "resolved": "https://registry.npmjs.org/uglify-js/-/uglify-js-3.17.0.tgz",
            "integrity": "sha512-aTeNPVmgIMPpm1cxXr2Q/nEbvkmV8yq66F3om7X3P/cvOXQ0TMQ64Wk63iyT1gPlmdmGzjGpyLh1f3y8MZWXGg==",
            "dev": true
        },
        "uglifyjs": {
            "version": "2.4.11",
            "resolved": "https://registry.npmjs.org/uglifyjs/-/uglifyjs-2.4.11.tgz",
            "integrity": "sha512-iR5+eXZCsoqmlzqYYENJm+rtX/KpC+jhhCtgORtBeVxRET+mfFHlyArl3DgYEqRTVDOxenv0OojFg02tf6LluA==",
            "dev": true
        }
    }
}
