{
    "name": "my-app",
    "requires": true,
    "lockfileVersion": 1,
    "dependencies": {
        "elm-tooling": {
            "version": "1.8.0",
            "resolved": "https://registry.npmjs.org/elm-tooling/-/elm-tooling-1.8.0.tgz",
            "integrity": "sha512-IjMvW/VHqxLidlJSAocBGDBmqiZ1NS0lK/UCMRU4ULEEaTVjpSd/9Dv0mH2ok0H0egSTYx19GnrdL4Lq9h+z+A==",
            "dev": true
        },
        "uglify-js": {
            "version": "3.17.0",
            "resolved": "https://registry.npmjs.org/uglify-js/-/uglify-js-3.17.0.tgz",
            "integrity": "sha512-aTeNPVmgIMPpm1cxXr2Q/nEbvkmV8yq66F3om7X3P/cvOXQ0TMQ64Wk63iyT1gPlmdmGzjGpyLh1f3y8MZWXGg==",
            "dev": true
        }
    }
}
